
Microsoft Visual Studio Solution File, Format Version 12.00
# Visual Studio Version 16
VisualStudioVersion = 16.0.29806.167
MinimumVisualStudioVersion = 10.0.40219.1
Project("{FAE04EC0-301F-11D3-BF4B-00C04F79EFBC}") = "Vidly", "Vidly\Vidly.csproj", "{E13C68FB-372E-4429-A528-A9ED772F630C}"
EndProject
Global
	GlobalSection(SolutionConfigurationPlatforms) = preSolution
		Debug|Any CPU = Debug|Any CPU
		Release|Any CPU = Release|Any CPU
	EndGlobalSection
	GlobalSection(ProjectConfigurationPlatforms) = postSolution
		{E13C68FB-372E-4429-A528-A9ED772F630C}.Debug|Any CPU.ActiveCfg = Debug|Any CPU
		{E13C68FB-372E-4429-A528-A9ED772F630C}.Debug|Any CPU.Build.0 = Debug|Any CPU
		{E13C68FB-372E-4429-A528-A9ED772F630C}.Release|Any CPU.ActiveCfg = Release|Any CPU
		{E13C68FB-372E-4429-A528-A9ED772F630C}.Release|Any CPU.Build.0 = Release|Any CPU
	EndGlobalSection
	GlobalSection(SolutionProperties) = preSolution
		HideSolutionNode = FALSE
	EndGlobalSection
	GlobalSection(ExtensibilityGlobals) = postSolution
		SolutionGuid = {4C9CDE7B-46A9-4CCB-BC2B-4375D6992237}
	EndGlobalSection
EndGlobal
